
Microsoft Visual Studio Solution File, Format Version 12.00
# Visual Studio Version 17
VisualStudioVersion = 17.9.34714.143
MinimumVisualStudioVersion = 10.0.40219.1
Project("{9A19103F-16F7-4668-BE54-9A1E7A4F7556}") = "OfficePlanner", "OfficePlanner\OfficePlanner.csproj", "{4A950B39-790A-4B06-B2A3-237B253632BB}"
EndProject
Global
	GlobalSection(SolutionConfigurationPlatforms) = preSolution
		Debug|Any CPU = Debug|Any CPU
		Release|Any CPU = Release|Any CPU
	EndGlobalSection
	GlobalSection(ProjectConfigurationPlatforms) = postSolution
		{4A950B39-790A-4B06-B2A3-237B253632BB}.Debug|Any CPU.ActiveCfg = Debug|Any CPU
		{4A950B39-790A-4B06-B2A3-237B253632BB}.Debug|Any CPU.Build.0 = Debug|Any CPU
		{4A950B39-790A-4B06-B2A3-237B253632BB}.Release|Any CPU.ActiveCfg = Release|Any CPU
		{4A950B39-790A-4B06-B2A3-237B253632BB}.Release|Any CPU.Build.0 = Release|Any CPU
	EndGlobalSection
	GlobalSection(SolutionProperties) = preSolution
		HideSolutionNode = FALSE
	EndGlobalSection
	GlobalSection(ExtensibilityGlobals) = postSolution
		SolutionGuid = {72E32B1F-2847-4271-B129-B7B8A7ECED20}
	EndGlobalSection
EndGlobal
